
Microsoft Visual Studio Solution File, Format Version 12.00
Project("{FAE04EC0-301F-11D3-BF4B-00C04F79EFBC}") = "BootCampProject", "BootCampProject\BootCampProject.csproj", "{53A3D31E-6266-4B07-A45E-3E42EC5D8BCA}"
EndProject
Project("{FAE04EC0-301F-11D3-BF4B-00C04F79EFBC}") = "Week1_G5", "Week1_G5\Week1_G5.csproj", "{B5CA503B-F624-45CD-B8E0-D48D203E5F91}"
EndProject
Project("{FAE04EC0-301F-11D3-BF4B-00C04F79EFBC}") = "Repaso_OOP", "Repaso_OOP\Repaso_OOP.csproj", "{24C49EE2-E946-49AF-BB51-077F2D1A212C}"
EndProject
Project("{FAE04EC0-301F-11D3-BF4B-00C04F79EFBC}") = "MusicPlayerApp-OOP", "MusicPlayerApp-OOP\MusicPlayerApp-OOP.csproj", "{E0570A73-EDD1-4270-96C5-91A2F09EA6DB}"
EndProject
Project("{FAE04EC0-301F-11D3-BF4B-00C04F79EFBC}") = "TicketProject", "TicketProject\TicketProject.csproj", "{613F883E-DD4E-4F1A-9C41-3B1D3D597D80}"
EndProject
Project("{FAE04EC0-301F-11D3-BF4B-00C04F79EFBC}") = "InventoryManagement", "InventoryManagement\InventoryManagement.csproj", "{1C9BE8F4-F984-4AA2-8F56-0261ABBF5AC8}"
EndProject
Project("{FAE04EC0-301F-11D3-BF4B-00C04F79EFBC}") = "SolidPrinciples", "SolidPrinciples\SolidPrinciples.csproj", "{0084EB35-F850-4088-BCA6-3B698D3E880B}"
EndProject
Project("{FAE04EC0-301F-11D3-BF4B-00C04F79EFBC}") = "SolidePrinciplesPractice", "SolidePrinciplesPractice\SolidePrinciplesPractice.csproj", "{285C634D-7316-4CAF-8D4A-EFE7713ECBDA}"
EndProject
Project("{FAE04EC0-301F-11D3-BF4B-00C04F79EFBC}") = "SolidPrinciplesPracticeTwo", "SolidPrinciplesPracticeTwo\SolidPrinciplesPracticeTwo.csproj", "{88088D48-FFF3-4C39-B4AA-DF4791A8957E}"
EndProject
Project("{FAE04EC0-301F-11D3-BF4B-00C04F79EFBC}") = "RetoPrincipiosSolid", "RetoPrincipiosSolid\RetoPrincipiosSolid.csproj", "{C85F56BB-D93F-4036-AE6B-E7577965CCB0}"
EndProject
Project("{FAE04EC0-301F-11D3-BF4B-00C04F79EFBC}") = "ReservaRestaurant", "ReservaRestaurant\ReservaRestaurant.csproj", "{A92C49E9-B782-4CCB-A344-859A39BEB396}"
EndProject
Project("{FAE04EC0-301F-11D3-BF4B-00C04F79EFBC}") = "ControlFinanzas", "ControlFinanzas\ControlFinanzas.csproj", "{84147B55-2B2D-4324-9DBA-11ED2841DFAA}"
EndProject
Project("{FAE04EC0-301F-11D3-BF4B-00C04F79EFBC}") = "GestionPedidos", "GestionPedidos\GestionPedidos.csproj", "{F82A346E-9F03-4F4C-8065-A8EACC8F6F5D}"
EndProject
Global
	GlobalSection(SolutionConfigurationPlatforms) = preSolution
		Debug|Any CPU = Debug|Any CPU
		Release|Any CPU = Release|Any CPU
	EndGlobalSection
	GlobalSection(ProjectConfigurationPlatforms) = postSolution
		{53A3D31E-6266-4B07-A45E-3E42EC5D8BCA}.Debug|Any CPU.ActiveCfg = Debug|Any CPU
		{53A3D31E-6266-4B07-A45E-3E42EC5D8BCA}.Debug|Any CPU.Build.0 = Debug|Any CPU
		{53A3D31E-6266-4B07-A45E-3E42EC5D8BCA}.Release|Any CPU.ActiveCfg = Release|Any CPU
		{53A3D31E-6266-4B07-A45E-3E42EC5D8BCA}.Release|Any CPU.Build.0 = Release|Any CPU
		{B5CA503B-F624-45CD-B8E0-D48D203E5F91}.Debug|Any CPU.ActiveCfg = Debug|Any CPU
		{B5CA503B-F624-45CD-B8E0-D48D203E5F91}.Debug|Any CPU.Build.0 = Debug|Any CPU
		{B5CA503B-F624-45CD-B8E0-D48D203E5F91}.Release|Any CPU.ActiveCfg = Release|Any CPU
		{B5CA503B-F624-45CD-B8E0-D48D203E5F91}.Release|Any CPU.Build.0 = Release|Any CPU
		{24C49EE2-E946-49AF-BB51-077F2D1A212C}.Debug|Any CPU.ActiveCfg = Debug|Any CPU
		{24C49EE2-E946-49AF-BB51-077F2D1A212C}.Debug|Any CPU.Build.0 = Debug|Any CPU
		{24C49EE2-E946-49AF-BB51-077F2D1A212C}.Release|Any CPU.ActiveCfg = Release|Any CPU
		{24C49EE2-E946-49AF-BB51-077F2D1A212C}.Release|Any CPU.Build.0 = Release|Any CPU
		{E0570A73-EDD1-4270-96C5-91A2F09EA6DB}.Debug|Any CPU.ActiveCfg = Debug|Any CPU
		{E0570A73-EDD1-4270-96C5-91A2F09EA6DB}.Debug|Any CPU.Build.0 = Debug|Any CPU
		{E0570A73-EDD1-4270-96C5-91A2F09EA6DB}.Release|Any CPU.ActiveCfg = Release|Any CPU
		{E0570A73-EDD1-4270-96C5-91A2F09EA6DB}.Release|Any CPU.Build.0 = Release|Any CPU
		{613F883E-DD4E-4F1A-9C41-3B1D3D597D80}.Debug|Any CPU.ActiveCfg = Debug|Any CPU
		{613F883E-DD4E-4F1A-9C41-3B1D3D597D80}.Debug|Any CPU.Build.0 = Debug|Any CPU
		{613F883E-DD4E-4F1A-9C41-3B1D3D597D80}.Release|Any CPU.ActiveCfg = Release|Any CPU
		{613F883E-DD4E-4F1A-9C41-3B1D3D597D80}.Release|Any CPU.Build.0 = Release|Any CPU
		{1C9BE8F4-F984-4AA2-8F56-0261ABBF5AC8}.Debug|Any CPU.ActiveCfg = Debug|Any CPU
		{1C9BE8F4-F984-4AA2-8F56-0261ABBF5AC8}.Debug|Any CPU.Build.0 = Debug|Any CPU
		{1C9BE8F4-F984-4AA2-8F56-0261ABBF5AC8}.Release|Any CPU.ActiveCfg = Release|Any CPU
		{1C9BE8F4-F984-4AA2-8F56-0261ABBF5AC8}.Release|Any CPU.Build.0 = Release|Any CPU
		{0084EB35-F850-4088-BCA6-3B698D3E880B}.Debug|Any CPU.ActiveCfg = Debug|Any CPU
		{0084EB35-F850-4088-BCA6-3B698D3E880B}.Debug|Any CPU.Build.0 = Debug|Any CPU
		{0084EB35-F850-4088-BCA6-3B698D3E880B}.Release|Any CPU.ActiveCfg = Release|Any CPU
		{0084EB35-F850-4088-BCA6-3B698D3E880B}.Release|Any CPU.Build.0 = Release|Any CPU
		{285C634D-7316-4CAF-8D4A-EFE7713ECBDA}.Debug|Any CPU.ActiveCfg = Debug|Any CPU
		{285C634D-7316-4CAF-8D4A-EFE7713ECBDA}.Debug|Any CPU.Build.0 = Debug|Any CPU
		{285C634D-7316-4CAF-8D4A-EFE7713ECBDA}.Release|Any CPU.ActiveCfg = Release|Any CPU
		{285C634D-7316-4CAF-8D4A-EFE7713ECBDA}.Release|Any CPU.Build.0 = Release|Any CPU
		{88088D48-FFF3-4C39-B4AA-DF4791A8957E}.Debug|Any CPU.ActiveCfg = Debug|Any CPU
		{88088D48-FFF3-4C39-B4AA-DF4791A8957E}.Debug|Any CPU.Build.0 = Debug|Any CPU
		{88088D48-FFF3-4C39-B4AA-DF4791A8957E}.Release|Any CPU.ActiveCfg = Release|Any CPU
		{88088D48-FFF3-4C39-B4AA-DF4791A8957E}.Release|Any CPU.Build.0 = Release|Any CPU
		{C85F56BB-D93F-4036-AE6B-E7577965CCB0}.Debug|Any CPU.ActiveCfg = Debug|Any CPU
		{C85F56BB-D93F-4036-AE6B-E7577965CCB0}.Debug|Any CPU.Build.0 = Debug|Any CPU
		{C85F56BB-D93F-4036-AE6B-E7577965CCB0}.Release|Any CPU.ActiveCfg = Release|Any CPU
		{C85F56BB-D93F-4036-AE6B-E7577965CCB0}.Release|Any CPU.Build.0 = Release|Any CPU
		{A92C49E9-B782-4CCB-A344-859A39BEB396}.Debug|Any CPU.ActiveCfg = Debug|Any CPU
		{A92C49E9-B782-4CCB-A344-859A39BEB396}.Debug|Any CPU.Build.0 = Debug|Any CPU
		{A92C49E9-B782-4CCB-A344-859A39BEB396}.Release|Any CPU.ActiveCfg = Release|Any CPU
		{A92C49E9-B782-4CCB-A344-859A39BEB396}.Release|Any CPU.Build.0 = Release|Any CPU
		{84147B55-2B2D-4324-9DBA-11ED2841DFAA}.Debug|Any CPU.ActiveCfg = Debug|Any CPU
		{84147B55-2B2D-4324-9DBA-11ED2841DFAA}.Debug|Any CPU.Build.0 = Debug|Any CPU
		{84147B55-2B2D-4324-9DBA-11ED2841DFAA}.Release|Any CPU.ActiveCfg = Release|Any CPU
		{84147B55-2B2D-4324-9DBA-11ED2841DFAA}.Release|Any CPU.Build.0 = Release|Any CPU
		{F82A346E-9F03-4F4C-8065-A8EACC8F6F5D}.Debug|Any CPU.ActiveCfg = Debug|Any CPU
		{F82A346E-9F03-4F4C-8065-A8EACC8F6F5D}.Debug|Any CPU.Build.0 = Debug|Any CPU
		{F82A346E-9F03-4F4C-8065-A8EACC8F6F5D}.Release|Any CPU.ActiveCfg = Release|Any CPU
		{F82A346E-9F03-4F4C-8065-A8EACC8F6F5D}.Release|Any CPU.Build.0 = Release|Any CPU
	EndGlobalSection
EndGlobal
